// !$*UTF8*$!
{
	archiveVersion = 1;
	classes = {
	};
	objectVersion = 77;
	objects = {

/* Begin PBXBuildFile section */
		D904C3462F817D88001C6F56 /* MinAppKit in Frameworks */ = {isa = PBXBuildFile; productRef = A1B2C3D4E5F60718293B30A1 /* MinAppKit */; };
/* End PBXBuildFile section */

/* Begin PBXContainerItemProxy section */
		D9911E242F6DD03200C80585 /* PBXContainerItemProxy */ = {
			isa = PBXContainerItemProxy;
			containerPortal = D9911E0A2F6DD03100C80585 /* Project object */;
			proxyType = 1;
			remoteGlobalIDString = D9911E112F6DD03100C80585;
			remoteInfo = PodLink;
		};
		D9911E2E2F6DD03200C80585 /* PBXContainerItemProxy */ = {
			isa = PBXContainerItemProxy;
			containerPortal = D9911E0A2F6DD03100C80585 /* Project object */;
			proxyType = 1;
			remoteGlobalIDString = D9911E112F6DD03100C80585;
			remoteInfo = PodLink;
		};
/* End PBXContainerItemProxy section */

/* Begin PBXFileReference section */
		D9911E122F6DD03100C80585 /* PodLink.app */ = {isa = PBXFileReference; explicitFileType = wrapper.application; includeInIndex = 0; path = PodLink.app; sourceTree = BUILT_PRODUCTS_DIR; };
		D9911E232F6DD03200C80585 /* PodLinkTests.xctest */ = {isa = PBXFileReference; explicitFileType = wrapper.cfbundle; includeInIndex = 0; path = PodLinkTests.xctest; sourceTree = BUILT_PRODUCTS_DIR; };
		D9911E2D2F6DD03200C80585 /* PodLinkUITests.xctest */ = {isa = PBXFileReference; explicitFileType = wrapper.cfbundle; includeInIndex = 0; path = PodLinkUITests.xctest; sourceTree = BUILT_PRODUCTS_DIR; };
/* End PBXFileReference section */

/* Begin PBXFileSystemSynchronizedBuildFileExceptionSet section */
		D9911E352F6DD03200C80585 /* Exceptions for "PodLink" folder in "PodLink" target */ = {
			isa = PBXFileSystemSynchronizedBuildFileExceptionSet;
			membershipExceptions = (
				Info.plist,
			);
			target = D9911E112F6DD03100C80585 /* PodLink */;
		};
/* End PBXFileSystemSynchronizedBuildFileExceptionSet section */

/* Begin PBXFileSystemSynchronizedRootGroup section */
		D9911E142F6DD03100C80585 /* PodLink */ = {
			isa = PBXFileSystemSynchronizedRootGroup;
			exceptions = (
				D9911E352F6DD03200C80585 /* Exceptions for "PodLink" folder in "PodLink" target */,
			);
			path = PodLink;
			sourceTree = "<group>";
		};
		D9911E262F6DD03200C80585 /* PodLinkTests */ = {
			isa = PBXFileSystemSynchronizedRootGroup;
			path = PodLinkTests;
			sourceTree = "<group>";
		};
		D9911E302F6DD03200C80585 /* PodLinkUITests */ = {
			isa = PBXFileSystemSynchronizedRootGroup;
			path = PodLinkUITests;
			sourceTree = "<group>";
		};
/* End PBXFileSystemSynchronizedRootGroup section */

/* Begin PBXFrameworksBuildPhase section */
		D9911E0F2F6DD03100C80585 /* Frameworks */ = {
			isa = PBXFrameworksBuildPhase;
			buildActionMask = 2147483647;
			files = (
				D904C3462F817D88001C6F56 /* MinAppKit in Frameworks */,
			);
			runOnlyForDeploymentPostprocessing = 0;
		};
		D9911E202F6DD03200C80585 /* Frameworks */ = {
			isa = PBXFrameworksBuildPhase;
			buildActionMask = 2147483647;
			files = (
			);
			runOnlyForDeploymentPostprocessing = 0;
		};
		D9911E2A2F6DD03200C80585 /* Frameworks */ = {
			isa = PBXFrameworksBuildPhase;
			buildActionMask = 2147483647;
			files = (
			);
			runOnlyForDeploymentPostprocessing = 0;
		};
/* End PBXFrameworksBuildPhase section */

/* Begin PBXGroup section */
		D9911E092F6DD03100C80585 = {
			isa = PBXGroup;
			children = (
				D9911E142F6DD03100C80585 /* PodLink */,
				D9911E262F6DD03200C80585 /* PodLinkTests */,
				D9911E302F6DD03200C80585 /* PodLinkUITests */,
				D9911E132F6DD03100C80585 /* Products */,
			);
			sourceTree = "<group>";
		};
		D9911E132F6DD03100C80585 /* Products */ = {
			isa = PBXGroup;
			children = (
				D9911E122F6DD03100C80585 /* PodLink.app */,
				D9911E232F6DD03200C80585 /* PodLinkTests.xctest */,
				D9911E2D2F6DD03200C80585 /* PodLinkUITests.xctest */,
			);
			name = Products;
			sourceTree = "<group>";
		};
/* End PBXGroup section */

/* Begin PBXNativeTarget section */
		D9911E112F6DD03100C80585 /* PodLink */ = {
			isa = PBXNativeTarget;
			buildConfigurationList = D9911E362F6DD03200C80585 /* Build configuration list for PBXNativeTarget "PodLink" */;
			buildPhases = (
				D9911E0E2F6DD03100C80585 /* Sources */,
				D9911E0F2F6DD03100C80585 /* Frameworks */,
				D9911E102F6DD03100C80585 /* Resources */,
			);
			buildRules = (
			);
			dependencies = (
			);
			fileSystemSynchronizedGroups = (
				D9911E142F6DD03100C80585 /* PodLink */,
			);
			name = PodLink;
			packageProductDependencies = (
				A1B2C3D4E5F60718293B30A1 /* MinAppKit */,
			);
			productName = PodLink;
			productReference = D9911E122F6DD03100C80585 /* PodLink.app */;
			productType = "com.apple.product-type.application";
		};
		D9911E222F6DD03200C80585 /* PodLinkTests */ = {
			isa = PBXNativeTarget;
			buildConfigurationList = D9911E3B2F6DD03200C80585 /* Build configuration list for PBXNativeTarget "PodLinkTests" */;
			buildPhases = (
				D9911E1F2F6DD03200C80585 /* Sources */,
				D9911E202F6DD03200C80585 /* Frameworks */,
				D9911E212F6DD03200C80585 /* Resources */,
			);
			buildRules = (
			);
			dependencies = (
				D9911E252F6DD03200C80585 /* PBXTargetDependency */,
			);
			fileSystemSynchronizedGroups = (
				D9911E262F6DD03200C80585 /* PodLinkTests */,
			);
			name = PodLinkTests;
			packageProductDependencies = (
			);
			productName = PodLinkTests;
			productReference = D9911E232F6DD03200C80585 /* PodLinkTests.xctest */;
			productType = "com.apple.product-type.bundle.unit-test";
		};
		D9911E2C2F6DD03200C80585 /* PodLinkUITests */ = {
			isa = PBXNativeTarget;
			buildConfigurationList = D9911E3E2F6DD03200C80585 /* Build configuration list for PBXNativeTarget "PodLinkUITests" */;
			buildPhases = (
				D9911E292F6DD03200C80585 /* Sources */,
				D9911E2A2F6DD03200C80585 /* Frameworks */,
				D9911E2B2F6DD03200C80585 /* Resources */,
			);
			buildRules = (
			);
			dependencies = (
				D9911E2F2F6DD03200C80585 /* PBXTargetDependency */,
			);
			fileSystemSynchronizedGroups = (
				D9911E302F6DD03200C80585 /* PodLinkUITests */,
			);
			name = PodLinkUITests;
			packageProductDependencies = (
			);
			productName = PodLinkUITests;
			productReference = D9911E2D2F6DD03200C80585 /* PodLinkUITests.xctest */;
			productType = "com.apple.product-type.bundle.ui-testing";
		};
/* End PBXNativeTarget section */

/* Begin PBXProject section */
		D9911E0A2F6DD03100C80585 /* Project object */ = {
			isa = PBXProject;
			attributes = {
				BuildIndependentTargetsInParallel = 1;
				LastSwiftUpdateCheck = 2610;
				LastUpgradeCheck = 2610;
				TargetAttributes = {
					D9911E112F6DD03100C80585 = {
						CreatedOnToolsVersion = 26.1.1;
					};
					D9911E222F6DD03200C80585 = {
						CreatedOnToolsVersion = 26.1.1;
						TestTargetID = D9911E112F6DD03100C80585;
					};
					D9911E2C2F6DD03200C80585 = {
						CreatedOnToolsVersion = 26.1.1;
						TestTargetID = D9911E112F6DD03100C80585;
					};
				};
			};
			buildConfigurationList = D9911E0D2F6DD03100C80585 /* Build configuration list for PBXProject "PodLink" */;
			developmentRegion = en;
			hasScannedForEncodings = 0;
			knownRegions = (
				en,
				Base,
			);
			mainGroup = D9911E092F6DD03100C80585;
			minimizedProjectReferenceProxies = 1;
			packageReferences = (
				A1B2C3D4E5F60718293B30A0 /* XCLocalSwiftPackageReference "../../packages/design-system/swift" */,
			);
			preferredProjectObjectVersion = 77;
			productRefGroup = D9911E132F6DD03100C80585 /* Products */;
			projectDirPath = "";
			projectRoot = "";
			targets = (
				D9911E112F6DD03100C80585 /* PodLink */,
				D9911E222F6DD03200C80585 /* PodLinkTests */,
				D9911E2C2F6DD03200C80585 /* PodLinkUITests */,
			);
		};
/* End PBXProject section */

/* Begin PBXResourcesBuildPhase section */
		D9911E102F6DD03100C80585 /* Resources */ = {
			isa = PBXResourcesBuildPhase;
			buildActionMask = 2147483647;
			files = (
			);
			runOnlyForDeploymentPostprocessing = 0;
		};
		D9911E212F6DD03200C80585 /* Resources */ = {
			isa = PBXResourcesBuildPhase;
			buildActionMask = 2147483647;
			files = (
			);
			runOnlyForDeploymentPostprocessing = 0;
		};
		D9911E2B2F6DD03200C80585 /* Resources */ = {
			isa = PBXResourcesBuildPhase;
			buildActionMask = 2147483647;
			files = (
			);
			runOnlyForDeploymentPostprocessing = 0;
		};
/* End PBXResourcesBuildPhase section */

/* Begin PBXSourcesBuildPhase section */
		D9911E0E2F6DD03100C80585 /* Sources */ = {
			isa = PBXSourcesBuildPhase;
			buildActionMask = 2147483647;
			files = (
			);
			runOnlyForDeploymentPostprocessing = 0;
		};
		D9911E1F2F6DD03200C80585 /* Sources */ = {
			isa = PBXSourcesBuildPhase;
			buildActionMask = 2147483647;
			files = (
			);
			runOnlyForDeploymentPostprocessing = 0;
		};
		D9911E292F6DD03200C80585 /* Sources */ = {
			isa = PBXSourcesBuildPhase;
			buildActionMask = 2147483647;
			files = (
			);
			runOnlyForDeploymentPostprocessing = 0;
		};
/* End PBXSourcesBuildPhase section */

/* Begin PBXTargetDependency section */
		D9911E252F6DD03200C80585 /* PBXTargetDependency */ = {
			isa = PBXTargetDependency;
			target = D9911E112F6DD03100C80585 /* PodLink */;
			targetProxy = D9911E242F6DD03200C80585 /* PBXContainerItemProxy */;
		};
		D9911E2F2F6DD03200C80585 /* PBXTargetDependency */ = {
			isa = PBXTargetDependency;
			target = D9911E112F6DD03100C80585 /* PodLink */;
			targetProxy = D9911E2E2F6DD03200C80585 /* PBXContainerItemProxy */;
		};
/* End PBXTargetDependency section */

/* Begin XCBuildConfiguration section */
		D9911E372F6DD03200C80585 /* Debug */ = {
			isa = XCBuildConfiguration;
			buildSettings = {
				ASSETCATALOG_COMPILER_APPICON_NAME = AppIcon;
				ASSETCATALOG_COMPILER_GLOBAL_ACCENT_COLOR_NAME = AccentColor;
				CODE_SIGN_ENTITLEMENTS = PodLink/PodLink.entitlements;
				CODE_SIGN_IDENTITY = "Apple Development";
				CODE_SIGN_STYLE = Automatic;
				CURRENT_PROJECT_VERSION = 1;
				DEVELOPMENT_TEAM = 8XGDTANS45;
				ENABLE_PREVIEWS = YES;
				GENERATE_INFOPLIST_FILE = NO;
				INFOPLIST_FILE = PodLink/Info.plist;
				INFOPLIST_KEY_CFBundleDisplayName = "pod min";
				INFOPLIST_KEY_LSApplicationCategoryType = "public.app-category.entertainment";
				IPHONEOS_DEPLOYMENT_TARGET = 26.0;
				LD_RUNPATH_SEARCH_PATHS = (
					"$(inherited)",
					"@executable_path/Frameworks",
				);
				MARKETING_VERSION = 1.0.0;
				PRODUCT_BUNDLE_IDENTIFIER = "Carambula-Projects.PodLink";
				PRODUCT_NAME = "$(TARGET_NAME)";
				PROVISIONING_PROFILE_SPECIFIER = "";
				STRING_CATALOG_GENERATE_SYMBOLS = YES;
				SUPPORTED_PLATFORMS = "iphoneos iphonesimulator";
				SUPPORTS_MACCATALYST = NO;
				SUPPORTS_MAC_DESIGNED_FOR_IPHONE_IPAD = NO;
				SUPPORTS_XR_DESIGNED_FOR_IPHONE_IPAD = NO;
				SWIFT_APPROACHABLE_CONCURRENCY = YES;
				SWIFT_DEFAULT_ACTOR_ISOLATION = MainActor;
				SWIFT_EMIT_LOC_STRINGS = YES;
				SWIFT_UPCOMING_FEATURE_MEMBER_IMPORT_VISIBILITY = YES;
				SWIFT_VERSION = 5.0;
				TARGETED_DEVICE_FAMILY = 1;
			};
			name = Debug;
		};
		D9911E382F6DD03200C80585 /* Release */ = {
			isa = XCBuildConfiguration;
			buildSettings = {
				ASSETCATALOG_COMPILER_APPICON_NAME = AppIcon;
				ASSETCATALOG_COMPILER_GLOBAL_ACCENT_COLOR_NAME = AccentColor;
				CODE_SIGN_ENTITLEMENTS = PodLink/PodLink.entitlements;
				CODE_SIGN_IDENTITY = "Apple Development";
				CODE_SIGN_STYLE = Automatic;
				CURRENT_PROJECT_VERSION = 1;
				DEVELOPMENT_TEAM = 8XGDTANS45;
				ENABLE_PREVIEWS = YES;
				GENERATE_INFOPLIST_FILE = NO;
				INFOPLIST_FILE = PodLink/Info.plist;
				INFOPLIST_KEY_CFBundleDisplayName = "pod min";
				INFOPLIST_KEY_LSApplicationCategoryType = "public.app-category.entertainment";
				IPHONEOS_DEPLOYMENT_TARGET = 26.0;
				LD_RUNPATH_SEARCH_PATHS = (
					"$(inherited)",
					"@executable_path/Frameworks",
				);
				MARKETING_VERSION = 1.0.0;
				PRODUCT_BUNDLE_IDENTIFIER = "Carambula-Projects.PodLink";
				PRODUCT_NAME = "$(TARGET_NAME)";
				PROVISIONING_PROFILE_SPECIFIER = "";
				STRING_CATALOG_GENERATE_SYMBOLS = YES;
				SUPPORTED_PLATFORMS = "iphoneos iphonesimulator";
				SUPPORTS_MACCATALYST = NO;
				SUPPORTS_MAC_DESIGNED_FOR_IPHONE_IPAD = NO;
				SUPPORTS_XR_DESIGNED_FOR_IPHONE_IPAD = NO;
				SWIFT_APPROACHABLE_CONCURRENCY = YES;
				SWIFT_DEFAULT_ACTOR_ISOLATION = MainActor;
				SWIFT_EMIT_LOC_STRINGS = YES;
				SWIFT_UPCOMING_FEATURE_MEMBER_IMPORT_VISIBILITY = YES;
				SWIFT_VERSION = 5.0;
				TARGETED_DEVICE_FAMILY = 1;
			};
			name = Release;
		};
		D9911E392F6DD03200C80585 /* Debug */ = {
			isa = XCBuildConfiguration;
			buildSettings = {
				ALWAYS_SEARCH_USER_PATHS = NO;
				ASSETCATALOG_COMPILER_GENERATE_SWIFT_ASSET_SYMBOL_EXTENSIONS = YES;
				CLANG_ANALYZER_NONNULL = YES;
				CLANG_ANALYZER_NUMBER_OBJECT_CONVERSION = YES_AGGRESSIVE;
				CLANG_CXX_LANGUAGE_STANDARD = "gnu++20";
				CLANG_ENABLE_MODULES = YES;
				CLANG_ENABLE_OBJC_ARC = YES;
				CLANG_ENABLE_OBJC_WEAK = YES;
				CLANG_WARN_BLOCK_CAPTURE_AUTORELEASING = YES;
				CLANG_WARN_BOOL_CONVERSION = YES;
				CLANG_WARN_COMMA = YES;
				CLANG_WARN_CONSTANT_CONVERSION = YES;
				CLANG_WARN_DEPRECATED_OBJC_IMPLEMENTATIONS = YES;
				CLANG_WARN_DIRECT_OBJC_ISA_USAGE = YES_ERROR;
				CLANG_WARN_DOCUMENTATION_COMMENTS = YES;
				CLANG_WARN_EMPTY_BODY = YES;
				CLANG_WARN_ENUM_CONVERSION = YES;
				CLANG_WARN_INFINITE_RECURSION = YES;
				CLANG_WARN_INT_CONVERSION = YES;
				CLANG_WARN_NON_LITERAL_NULL_CONVERSION = YES;
				CLANG_WARN_OBJC_IMPLICIT_RETAIN_SELF = YES;
				CLANG_WARN_OBJC_LITERAL_CONVERSION = YES;
				CLANG_WARN_OBJC_ROOT_CLASS = YES_ERROR;
				CLANG_WARN_QUOTED_INCLUDE_IN_FRAMEWORK_HEADER = YES;
				CLANG_WARN_RANGE_LOOP_ANALYSIS = YES;
				CLANG_WARN_STRICT_PROTOTYPES = YES;
				CLANG_WARN_SUSPICIOUS_MOVE = YES;
				CLANG_WARN_UNGUARDED_AVAILABILITY = YES_AGGRESSIVE;
				CLANG_WARN_UNREACHABLE_CODE = YES;
				CLANG_WARN__DUPLICATE_METHOD_MATCH = YES;
				COPY_PHASE_STRIP = NO;
				DEBUG_INFORMATION_FORMAT = dwarf;
				DEVELOPMENT_TEAM = 8XGDTANS45;
				ENABLE_STRICT_OBJC_MSGSEND = YES;
				ENABLE_TESTABILITY = YES;
				ENABLE_USER_SCRIPT_SANDBOXING = YES;
				GCC_C_LANGUAGE_STANDARD = gnu17;
				GCC_DYNAMIC_NO_PIC = NO;
				GCC_NO_COMMON_BLOCKS = YES;
				GCC_OPTIMIZATION_LEVEL = 0;
				GCC_PREPROCESSOR_DEFINITIONS = (
					"DEBUG=1",
					"$(inherited)",
				);
				GCC_WARN_64_TO_32_BIT_CONVERSION = YES;
				GCC_WARN_ABOUT_RETURN_TYPE = YES_ERROR;
				GCC_WARN_UNDECLARED_SELECTOR = YES;
				GCC_WARN_UNINITIALIZED_AUTOS = YES_AGGRESSIVE;
				GCC_WARN_UNUSED_FUNCTION = YES;
				GCC_WARN_UNUSED_VARIABLE = YES;
				IPHONEOS_DEPLOYMENT_TARGET = 26.1;
				LOCALIZATION_PREFERS_STRING_CATALOGS = YES;
				MTL_ENABLE_DEBUG_INFO = INCLUDE_SOURCE;
				MTL_FAST_MATH = YES;
				ONLY_ACTIVE_ARCH = YES;
				SDKROOT = iphoneos;
				SWIFT_ACTIVE_COMPILATION_CONDITIONS = "DEBUG $(inherited)";
				SWIFT_OPTIMIZATION_LEVEL = "-Onone";
			};
			name = Debug;
		};
		D9911E3A2F6DD03200C80585 /* Release */ = {
			isa = XCBuildConfiguration;
			buildSettings = {
				ALWAYS_SEARCH_USER_PATHS = NO;
				ASSETCATALOG_COMPILER_GENERATE_SWIFT_ASSET_SYMBOL_EXTENSIONS = YES;
				CLANG_ANALYZER_NONNULL = YES;
				CLANG_ANALYZER_NUMBER_OBJECT_CONVERSION = YES_AGGRESSIVE;
				CLANG_CXX_LANGUAGE_STANDARD = "gnu++20";
				CLANG_ENABLE_MODULES = YES;
				CLANG_ENABLE_OBJC_ARC = YES;
				CLANG_ENABLE_OBJC_WEAK = YES;
				CLANG_WARN_BLOCK_CAPTURE_AUTORELEASING = YES;
				CLANG_WARN_BOOL_CONVERSION = YES;
				CLANG_WARN_COMMA = YES;
				CLANG_WARN_CONSTANT_CONVERSION = YES;
				CLANG_WARN_DEPRECATED_OBJC_IMPLEMENTATIONS = YES;
				CLANG_WARN_DIRECT_OBJC_ISA_USAGE = YES_ERROR;
				CLANG_WARN_DOCUMENTATION_COMMENTS = YES;
				CLANG_WARN_EMPTY_BODY = YES;
				CLANG_WARN_ENUM_CONVERSION = YES;
				CLANG_WARN_INFINITE_RECURSION = YES;
				CLANG_WARN_INT_CONVERSION = YES;
				CLANG_WARN_NON_LITERAL_NULL_CONVERSION = YES;
				CLANG_WARN_OBJC_IMPLICIT_RETAIN_SELF = YES;
				CLANG_WARN_OBJC_LITERAL_CONVERSION = YES;
				CLANG_WARN_OBJC_ROOT_CLASS = YES_ERROR;
				CLANG_WARN_QUOTED_INCLUDE_IN_FRAMEWORK_HEADER = YES;
				CLANG_WARN_RANGE_LOOP_ANALYSIS = YES;
				CLANG_WARN_STRICT_PROTOTYPES = YES;
				CLANG_WARN_SUSPICIOUS_MOVE = YES;
				CLANG_WARN_UNGUARDED_AVAILABILITY = YES_AGGRESSIVE;
				CLANG_WARN_UNREACHABLE_CODE = YES;
				CLANG_WARN__DUPLICATE_METHOD_MATCH = YES;
				COPY_PHASE_STRIP = NO;
				DEBUG_INFORMATION_FORMAT = "dwarf-with-dsym";
				DEVELOPMENT_TEAM = 8XGDTANS45;
				ENABLE_NS_ASSERTIONS = NO;
				ENABLE_STRICT_OBJC_MSGSEND = YES;
				ENABLE_USER_SCRIPT_SANDBOXING = YES;
				GCC_C_LANGUAGE_STANDARD = gnu17;
				GCC_NO_COMMON_BLOCKS = YES;
				GCC_WARN_64_TO_32_BIT_CONVERSION = YES;
				GCC_WARN_ABOUT_RETURN_TYPE = YES_ERROR;
				GCC_WARN_UNDECLARED_SELECTOR = YES;
				GCC_WARN_UNINITIALIZED_AUTOS = YES_AGGRESSIVE;
				GCC_WARN_UNUSED_FUNCTION = YES;
				GCC_WARN_UNUSED_VARIABLE = YES;
				IPHONEOS_DEPLOYMENT_TARGET = 26.1;
				LOCALIZATION_PREFERS_STRING_CATALOGS = YES;
				MTL_ENABLE_DEBUG_INFO = NO;
				MTL_FAST_MATH = YES;
				SDKROOT = iphoneos;
				SWIFT_COMPILATION_MODE = wholemodule;
				VALIDATE_PRODUCT = YES;
			};
			name = Release;
		};
		D9911E3C2F6DD03200C80585 /* Debug */ = {
			isa = XCBuildConfiguration;
			buildSettings = {
				BUNDLE_LOADER = "$(TEST_HOST)";
				CODE_SIGN_STYLE = Automatic;
				CURRENT_PROJECT_VERSION = 1;
				DEVELOPMENT_TEAM = 8XGDTANS45;
				GENERATE_INFOPLIST_FILE = YES;
				IPHONEOS_DEPLOYMENT_TARGET = 17.0;
				MARKETING_VERSION = 1.0;
				PRODUCT_BUNDLE_IDENTIFIER = "Carambula-Projects.PodLinkTests";
				PRODUCT_NAME = "$(TARGET_NAME)";
				STRING_CATALOG_GENERATE_SYMBOLS = NO;
				SWIFT_APPROACHABLE_CONCURRENCY = YES;
				SWIFT_EMIT_LOC_STRINGS = NO;
				SWIFT_UPCOMING_FEATURE_MEMBER_IMPORT_VISIBILITY = YES;
				SWIFT_VERSION = 5.0;
				TARGETED_DEVICE_FAMILY = "1,2";
				TEST_HOST = "$(BUILT_PRODUCTS_DIR)/PodLink.app/$(BUNDLE_EXECUTABLE_FOLDER_PATH)/PodLink";
			};
			name = Debug;
		};
		D9911E3D2F6DD03200C80585 /* Release */ = {
			isa = XCBuildConfiguration;
			buildSettings = {
				BUNDLE_LOADER = "$(TEST_HOST)";
				CODE_SIGN_STYLE = Automatic;
				CURRENT_PROJECT_VERSION = 1;
				DEVELOPMENT_TEAM = 8XGDTANS45;
				GENERATE_INFOPLIST_FILE = YES;
				IPHONEOS_DEPLOYMENT_TARGET = 17.0;
				MARKETING_VERSION = 1.0;
				PRODUCT_BUNDLE_IDENTIFIER = "Carambula-Projects.PodLinkTests";
				PRODUCT_NAME = "$(TARGET_NAME)";
				STRING_CATALOG_GENERATE_SYMBOLS = NO;
				SWIFT_APPROACHABLE_CONCURRENCY = YES;
				SWIFT_EMIT_LOC_STRINGS = NO;
				SWIFT_UPCOMING_FEATURE_MEMBER_IMPORT_VISIBILITY = YES;
				SWIFT_VERSION = 5.0;
				TARGETED_DEVICE_FAMILY = "1,2";
				TEST_HOST = "$(BUILT_PRODUCTS_DIR)/PodLink.app/$(BUNDLE_EXECUTABLE_FOLDER_PATH)/PodLink";
			};
			name = Release;
		};
		D9911E3F2F6DD03200C80585 /* Debug */ = {
			isa = XCBuildConfiguration;
			buildSettings = {
				CODE_SIGN_STYLE = Automatic;
				CURRENT_PROJECT_VERSION = 1;
				DEVELOPMENT_TEAM = 8XGDTANS45;
				GENERATE_INFOPLIST_FILE = YES;
				IPHONEOS_DEPLOYMENT_TARGET = 17.0;
				MARKETING_VERSION = 1.0;
				PRODUCT_BUNDLE_IDENTIFIER = "Carambula-Projects.PodLinkUITests";
				PRODUCT_NAME = "$(TARGET_NAME)";
				STRING_CATALOG_GENERATE_SYMBOLS = NO;
				SWIFT_APPROACHABLE_CONCURRENCY = YES;
				SWIFT_EMIT_LOC_STRINGS = NO;
				SWIFT_UPCOMING_FEATURE_MEMBER_IMPORT_VISIBILITY = YES;
				SWIFT_VERSION = 5.0;
				TARGETED_DEVICE_FAMILY = "1,2";
				TEST_TARGET_NAME = PodLink;
			};
			name = Debug;
		};
		D9911E402F6DD03200C80585 /* Release */ = {
			isa = XCBuildConfiguration;
			buildSettings = {
				CODE_SIGN_STYLE = Automatic;
				CURRENT_PROJECT_VERSION = 1;
				DEVELOPMENT_TEAM = 8XGDTANS45;
				GENERATE_INFOPLIST_FILE = YES;
				IPHONEOS_DEPLOYMENT_TARGET = 17.0;
				MARKETING_VERSION = 1.0;
				PRODUCT_BUNDLE_IDENTIFIER = "Carambula-Projects.PodLinkUITests";
				PRODUCT_NAME = "$(TARGET_NAME)";
				STRING_CATALOG_GENERATE_SYMBOLS = NO;
				SWIFT_APPROACHABLE_CONCURRENCY = YES;
				SWIFT_EMIT_LOC_STRINGS = NO;
				SWIFT_UPCOMING_FEATURE_MEMBER_IMPORT_VISIBILITY = YES;
				SWIFT_VERSION = 5.0;
				TARGETED_DEVICE_FAMILY = "1,2";
				TEST_TARGET_NAME = PodLink;
			};
			name = Release;
		};
/* End XCBuildConfiguration section */

/* Begin XCConfigurationList section */
		D9911E0D2F6DD03100C80585 /* Build configuration list for PBXProject "PodLink" */ = {
			isa = XCConfigurationList;
			buildConfigurations = (
				D9911E392F6DD03200C80585 /* Debug */,
				D9911E3A2F6DD03200C80585 /* Release */,
			);
			defaultConfigurationIsVisible = 0;
			defaultConfigurationName = Release;
		};
		D9911E362F6DD03200C80585 /* Build configuration list for PBXNativeTarget "PodLink" */ = {
			isa = XCConfigurationList;
			buildConfigurations = (
				D9911E372F6DD03200C80585 /* Debug */,
				D9911E382F6DD03200C80585 /* Release */,
			);
			defaultConfigurationIsVisible = 0;
			defaultConfigurationName = Release;
		};
		D9911E3B2F6DD03200C80585 /* Build configuration list for PBXNativeTarget "PodLinkTests" */ = {
			isa = XCConfigurationList;
			buildConfigurations = (
				D9911E3C2F6DD03200C80585 /* Debug */,
				D9911E3D2F6DD03200C80585 /* Release */,
			);
			defaultConfigurationIsVisible = 0;
			defaultConfigurationName = Release;
		};
		D9911E3E2F6DD03200C80585 /* Build configuration list for PBXNativeTarget "PodLinkUITests" */ = {
			isa = XCConfigurationList;
			buildConfigurations = (
				D9911E3F2F6DD03200C80585 /* Debug */,
				D9911E402F6DD03200C80585 /* Release */,
			);
			defaultConfigurationIsVisible = 0;
			defaultConfigurationName = Release;
		};
/* End XCConfigurationList section */

/* Begin XCLocalSwiftPackageReference section */
		A1B2C3D4E5F60718293B30A0 /* XCLocalSwiftPackageReference "../../packages/design-system/swift" */ = {
			isa = XCLocalSwiftPackageReference;
			relativePath = "../../packages/design-system/swift";
		};
/* End XCLocalSwiftPackageReference section */

/* Begin XCSwiftPackageProductDependency section */
		A1B2C3D4E5F60718293B30A1 /* MinAppKit */ = {
			isa = XCSwiftPackageProductDependency;
			package = A1B2C3D4E5F60718293B30A0 /* XCLocalSwiftPackageReference "../../packages/design-system/swift" */;
			productName = MinAppKit;
		};
/* End XCSwiftPackageProductDependency section */
	};
	rootObject = D9911E0A2F6DD03100C80585 /* Project object */;
}
